
Microsoft Visual Studio Solution File, Format Version 12.00
# Visual Studio Version 17
VisualStudioVersion = 17.5.33530.505
MinimumVisualStudioVersion = 10.0.40219.1
Project("{FAE04EC0-301F-11D3-BF4B-00C04F79EFBC}") = "strichcode", "strichcode\strichcode.csproj", "{042EF6F1-D08C-4D8F-BECE-415395E7B6AD}"
EndProject
Global
	GlobalSection(SolutionConfigurationPlatforms) = preSolution
		Debug|Any CPU = Debug|Any CPU
		Release|Any CPU = Release|Any CPU
	EndGlobalSection
	GlobalSection(ProjectConfigurationPlatforms) = postSolution
		{042EF6F1-D08C-4D8F-BECE-415395E7B6AD}.Debug|Any CPU.ActiveCfg = Debug|Any CPU
		{042EF6F1-D08C-4D8F-BECE-415395E7B6AD}.Debug|Any CPU.Build.0 = Debug|Any CPU
		{042EF6F1-D08C-4D8F-BECE-415395E7B6AD}.Release|Any CPU.ActiveCfg = Release|Any CPU
		{042EF6F1-D08C-4D8F-BECE-415395E7B6AD}.Release|Any CPU.Build.0 = Release|Any CPU
	EndGlobalSection
	GlobalSection(SolutionProperties) = preSolution
		HideSolutionNode = FALSE
	EndGlobalSection
	GlobalSection(ExtensibilityGlobals) = postSolution
		SolutionGuid = {F34A838F-D1EF-4F48-BF2B-E41C6F158B8F}
	EndGlobalSection
EndGlobal
